# This file is automatically @generated by Poetry 2.1.3 and should not be changed by hand.

[[package]]
name = "numpy"
version = "2.4.2"
description = "Fundamental package for array computing in Python"
optional = false
python-versions = ">=3.11"
groups = ["main"]
files = [
    {file = "numpy-2.4.2-cp311-cp311-macosx_10_9_x86_64.whl", hash = "sha256:e7e88598032542bd49af7c4747541422884219056c268823ef6e5e89851c8825"},
    {file = "numpy-2.4.2-cp311-cp311-macosx_11_0_arm64.whl", hash = "sha256:7edc794af8b36ca37ef5fcb5e0d128c7e0595c7b96a2318d1badb6fcd8ee86b1"},
    {file = "numpy-2.4.2-cp311-cp311-macosx_14_0_arm64.whl", hash = "sha256:6e9f61981ace1360e42737e2bae58b27bf28a1b27e781721047d84bd754d32e7"},
    {file = "numpy-2.4.2-cp311-cp311-macosx_14_0_x86_64.whl", hash = "sha256:cb7bbb88aa74908950d979eeaa24dbdf1a865e3c7e45ff0121d8f70387b55f73"},
    {file = "numpy-2.4.2-cp311-cp311-manylinux_2_27_aarch64.manylinux_2_28_aarch64.whl", hash = "sha256:4f069069931240b3fc703f1e23df63443dbd6390614c8c44a87d96cd0ec81eb1"},
    {file = "numpy-2.4.2-cp311-cp311-manylinux_2_27_x86_64.manylinux_2_28_x86_64.whl", hash = "sha256:c02ef4401a506fb60b411467ad501e1429a3487abca4664871d9ae0b46c8ba32"},
    {file = "numpy-2.4.2-cp311-cp311-musllinux_1_2_aarch64.whl", hash = "sha256:2653de5c24910e49c2b106499803124dde62a5a1fe0eedeaecf4309a5f639390"},
    {file = "numpy-2.4.2-cp311-cp311-musllinux_1_2_x86_64.whl", hash = "sha256:1ae241bbfc6ae276f94a170b14785e561cb5e7f626b6688cf076af4110887413"},
    {file = "numpy-2.4.2-cp311-cp311-win32.whl", hash = "sha256:df1b10187212b198dd45fa943d8985a3c8cf854aed4923796e0e019e113a1bda"},
    {file = "numpy-2.4.2-cp311-cp311-win_amd64.whl", hash = "sha256:b9c618d56a29c9cb1c4da979e9899be7578d2e0b3c24d52079c166324c9e8695"},
    {file = "numpy-2.4.2-cp311-cp311-win_arm64.whl", hash = "sha256:47c5a6ed21d9452b10227e5e8a0e1c22979811cad7dcc19d8e3e2fb8fa03f1a3"},
    {file = "numpy-2.4.2-cp312-cp312-macosx_10_13_x86_64.whl", hash = "sha256:21982668592194c609de53ba4933a7471880ccbaadcc52352694a59ecc860b3a"},
    {file = "numpy-2.4.2-cp312-cp312-macosx_11_0_arm64.whl", hash = "sha256:40397bda92382fcec844066efb11f13e1c9a3e2a8e8f318fb72ed8b6db9f60f1"},
    {file = "numpy-2.4.2-cp312-cp312-macosx_14_0_arm64.whl", hash = "sha256:b3a24467af63c67829bfaa61eecf18d5432d4f11992688537be59ecd6ad32f5e"},
    {file = "numpy-2.4.2-cp312-cp312-macosx_14_0_x86_64.whl", hash = "sha256:805cc8de9fd6e7a22da5aed858e0ab16be5a4db6c873dde1d7451c541553aa27"},
    {file = "numpy-2.4.2-cp312-cp312-manylinux_2_27_aarch64.manylinux_2_28_aarch64.whl", hash = "sha256:6d82351358ffbcdcd7b686b90742a9b86632d6c1c051016484fa0b326a0a1548"},
    {file = "numpy-2.4.2-cp312-cp312-manylinux_2_27_x86_64.manylinux_2_28_x86_64.whl", hash = "sha256:9e35d3e0144137d9fdae62912e869136164534d64a169f86438bc9561b6ad49f"},
    {file = "numpy-2.4.2-cp312-cp312-musllinux_1_2_aarch64.whl", hash = "sha256:adb6ed2ad29b9e15321d167d152ee909ec73395901b70936f029c3bc6d7f4460"},
    {file = "numpy-2.4.2-cp312-cp312-musllinux_1_2_x86_64.whl", hash = "sha256:8906e71fd8afcb76580404e2a950caef2685df3d2a57fe82a86ac8d33cc007ba"},
    {file = "numpy-2.4.2-cp312-cp312-win32.whl", hash = "sha256:ec055f6dae239a6299cace477b479cca2fc125c5675482daf1dd886933a1076f"},
    {file = "numpy-2.4.2-cp312-cp312-win_amd64.whl", hash = "sha256:209fae046e62d0ce6435fcfe3b1a10537e858249b3d9b05829e2a05218296a85"},
    {file = "numpy-2.4.2-cp312-cp312-win_arm64.whl", hash = "sha256:fbde1b0c6e81d56f5dccd95dd4a711d9b95df1ae4009a60887e56b27e8d903fa"},
    {file = "numpy-2.4.2-cp313-cp313-macosx_10_13_x86_64.whl", hash = "sha256:25f2059807faea4b077a2b6837391b5d830864b3543627f381821c646f31a63c"},
    {file = "numpy-2.4.2-cp313-cp313-macosx_11_0_arm64.whl", hash = "sha256:bd3a7a9f5847d2fb8c2c6d1c862fa109c31a9abeca1a3c2bd5a64572955b2979"},
    {file = "numpy-2.4.2-cp313-cp313-macosx_14_0_arm64.whl", hash = "sha256:8e4549f8a3c6d13d55041925e912bfd834285ef1dd64d6bc7d542583355e2e98"},
    {file = "numpy-2.4.2-cp313-cp313-macosx_14_0_x86_64.whl", hash = "sha256:aea4f66ff44dfddf8c2cffd66ba6538c5ec67d389285292fe428cb2c738c8aef"},
    {file = "numpy-2.4.2-cp313-cp313-manylinux_2_27_aarch64.manylinux_2_28_aarch64.whl", hash = "sha256:c3cd545784805de05aafe1dde61752ea49a359ccba9760c1e5d1c88a93bbf2b7"},
    {file = "numpy-2.4.2-cp313-cp313-manylinux_2_27_x86_64.manylinux_2_28_x86_64.whl", hash = "sha256:d0d9b7c93578baafcbc5f0b83eaf17b79d345c6f36917ba0c67f45226911d499"},
    {file = "numpy-2.4.2-cp313-cp313-musllinux_1_2_aarch64.whl", hash = "sha256:f74f0f7779cc7ae07d1810aab8ac6b1464c3eafb9e283a40da7309d5e6e48fbb"},
    {file = "numpy-2.4.2-cp313-cp313-musllinux_1_2_x86_64.whl", hash = "sha256:c7ac672d699bf36275c035e16b65539931347d68b70667d28984c9fb34e07fa7"},
    {file = "numpy-2.4.2-cp313-cp313-win32.whl", hash = "sha256:8e9afaeb0beff068b4d9cd20d322ba0ee1cecfb0b08db145e4ab4dd44a6b5110"},
    {file = "numpy-2.4.2-cp313-cp313-win_amd64.whl", hash = "sha256:7df2de1e4fba69a51c06c28f5a3de36731eb9639feb8e1cf7e4a7b0daf4cf622"},
    {file = "numpy-2.4.2-cp313-cp313-win_arm64.whl", hash = "sha256:0fece1d1f0a89c16b03442eae5c56dc0be0c7883b5d388e0c03f53019a4bfd71"},
    {file = "numpy-2.4.2-cp313-cp313t-macosx_11_0_arm64.whl", hash = "sha256:5633c0da313330fd20c484c78cdd3f9b175b55e1a766c4a174230c6b70ad8262"},
    {file = "numpy-2.4.2-cp313-cp313t-macosx_14_0_arm64.whl", hash = "sha256:d9f64d786b3b1dd742c946c42d15b07497ed14af1a1f3ce840cce27daa0ce913"},
    {file = "numpy-2.4.2-cp313-cp313t-macosx_14_0_x86_64.whl", hash = "sha256:b21041e8cb6a1eb5312dd1d2f80a94d91efffb7a06b70597d44f1bd2dfc315ab"},
    {file = "numpy-2.4.2-cp313-cp313t-manylinux_2_27_aarch64.manylinux_2_28_aarch64.whl", hash = "sha256:00ab83c56211a1d7c07c25e3217ea6695e50a3e2f255053686b081dc0b091a82"},
    {file = "numpy-2.4.2-cp313-cp313t-manylinux_2_27_x86_64.manylinux_2_28_x86_64.whl", hash = "sha256:2fb882da679409066b4603579619341c6d6898fc83a8995199d5249f986e8e8f"},
    {file = "numpy-2.4.2-cp313-cp313t-musllinux_1_2_aarch64.whl", hash = "sha256:66cb9422236317f9d44b67b4d18f44efe6e9c7f8794ac0462978513359461554"},
    {file = "numpy-2.4.2-cp313-cp313t-musllinux_1_2_x86_64.whl", hash = "sha256:0f01dcf33e73d80bd8dc0f20a71303abbafa26a19e23f6b68d1aa9990af90257"},
    {file = "numpy-2.4.2-cp313-cp313t-win32.whl", hash = "sha256:52b913ec40ff7ae845687b0b34d8d93b60cb66dcee06996dd5c99f2fc9328657"},
    {file = "numpy-2.4.2-cp313-cp313t-win_amd64.whl", hash = "sha256:5eea80d908b2c1f91486eb95b3fb6fab187e569ec9752ab7d9333d2e66bf2d6b"},
    {file = "numpy-2.4.2-cp313-cp313t-win_arm64.whl", hash = "sha256:fd49860271d52127d61197bb50b64f58454e9f578cb4b2c001a6de8b1f50b0b1"},
    {file = "numpy-2.4.2-cp314-cp314-macosx_10_15_x86_64.whl", hash = "sha256:444be170853f1f9d528428eceb55f12918e4fda5d8805480f36a002f1415e09b"},
    {file = "numpy-2.4.2-cp314-cp314-macosx_11_0_arm64.whl", hash = "sha256:d1240d50adff70c2a88217698ca844723068533f3f5c5fa6ee2e3220e3bdb000"},
    {file = "numpy-2.4.2-cp314-cp314-macosx_14_0_arm64.whl", hash = "sha256:7cdde6de52fb6664b00b056341265441192d1291c130e99183ec0d4b110ff8b1"},
    {file = "numpy-2.4.2-cp314-cp314-macosx_14_0_x86_64.whl", hash = "sha256:cda077c2e5b780200b6b3e09d0b42205a3d1c68f30c6dceb90401c13bff8fe74"},
    {file = "numpy-2.4.2-cp314-cp314-manylinux_2_27_aarch64.manylinux_2_28_aarch64.whl", hash = "sha256:d30291931c915b2ab5717c2974bb95ee891a1cf22ebc16a8006bd59cd210d40a"},
    {file = "numpy-2.4.2-cp314-cp314-manylinux_2_27_x86_64.manylinux_2_28_x86_64.whl", hash = "sha256:bba37bc29d4d85761deed3954a1bc62be7cf462b9510b51d367b769a8c8df325"},
    {file = "numpy-2.4.2-cp314-cp314-musllinux_1_2_aarch64.whl", hash = "sha256:b2f0073ed0868db1dcd86e052d37279eef185b9c8db5bf61f30f46adac63c909"},
    {file = "numpy-2.4.2-cp314-cp314-musllinux_1_2_x86_64.whl", hash = "sha256:7f54844851cdb630ceb623dcec4db3240d1ac13d4990532446761baede94996a"},
    {file = "numpy-2.4.2-cp314-cp314-win32.whl", hash = "sha256:12e26134a0331d8dbd9351620f037ec470b7c75929cb8a1537f6bfe411152a1a"},
    {file = "numpy-2.4.2-cp314-cp314-win_amd64.whl", hash = "sha256:068cdb2d0d644cdb45670810894f6a0600797a69c05f1ac478e8d31670b8ee75"},
    {file = "numpy-2.4.2-cp314-cp314-win_arm64.whl", hash = "sha256:6ed0be1ee58eef41231a5c943d7d1375f093142702d5723ca2eb07db9b934b05"},
    {file = "numpy-2.4.2-cp314-cp314t-macosx_11_0_arm64.whl", hash = "sha256:98f16a80e917003a12c0580f97b5f875853ebc33e2eaa4bccfc8201ac6869308"},
    {file = "numpy-2.4.2-cp314-cp314t-macosx_14_0_arm64.whl", hash = "sha256:20abd069b9cda45874498b245c8015b18ace6de8546bf50dfa8cea1696ed06ef"},
    {file = "numpy-2.4.2-cp314-cp314t-macosx_14_0_x86_64.whl", hash = "sha256:e98c97502435b53741540a5717a6749ac2ada901056c7db951d33e11c885cc7d"},
    {file = "numpy-2.4.2-cp314-cp314t-manylinux_2_27_aarch64.manylinux_2_28_aarch64.whl", hash = "sha256:da6cad4e82cb893db4b69105c604d805e0c3ce11501a55b5e9f9083b47d2ffe8"},
    {file = "numpy-2.4.2-cp314-cp314t-manylinux_2_27_x86_64.manylinux_2_28_x86_64.whl", hash = "sha256:9e4424677ce4b47fe73c8b5556d876571f7c6945d264201180db2dc34f676ab5"},
    {file = "numpy-2.4.2-cp314-cp314t-musllinux_1_2_aarch64.whl", hash = "sha256:2b8f157c8a6f20eb657e240f8985cc135598b2b46985c5bccbde7616dc9c6b1e"},
    {file = "numpy-2.4.2-cp314-cp314t-musllinux_1_2_x86_64.whl", hash = "sha256:5daf6f3914a733336dab21a05cdec343144600e964d2fcdabaac0c0269874b2a"},
    {file = "numpy-2.4.2-cp314-cp314t-win32.whl", hash = "sha256:8c50dd1fc8826f5b26a5ee4d77ca55d88a895f4e4819c7ecc2a9f5905047a443"},
    {file = "numpy-2.4.2-cp314-cp314t-win_amd64.whl", hash = "sha256:fcf92bee92742edd401ba41135185866f7026c502617f422eb432cfeca4fe236"},
    {file = "numpy-2.4.2-cp314-cp314t-win_arm64.whl", hash = "sha256:1f92f53998a17265194018d1cc321b2e96e900ca52d54c7c77837b71b9465181"},
    {file = "numpy-2.4.2-pp311-pypy311_pp73-macosx_10_15_x86_64.whl", hash = "sha256:89f7268c009bc492f506abd6f5265defa7cb3f7487dc21d357c3d290add45082"},
    {file = "numpy-2.4.2-pp311-pypy311_pp73-macosx_11_0_arm64.whl", hash = "sha256:e6dee3bb76aa4009d5a912180bf5b2de012532998d094acee25d9cb8dee3e44a"},
    {file = "numpy-2.4.2-pp311-pypy311_pp73-macosx_14_0_arm64.whl", hash = "sha256:cd2bd2bbed13e213d6b55dc1d035a4f91748a7d3edc9480c13898b0353708920"},
    {file = "numpy-2.4.2-pp311-pypy311_pp73-macosx_14_0_x86_64.whl", hash = "sha256:cf28c0c1d4c4bf00f509fa7eb02c58d7caf221b50b467bcb0d9bbf1584d5c821"},
    {file = "numpy-2.4.2-pp311-pypy311_pp73-manylinux_2_27_aarch64.manylinux_2_28_aarch64.whl", hash = "sha256:e04ae107ac591763a47398bb45b568fc38f02dbc4aa44c063f67a131f99346cb"},
    {file = "numpy-2.4.2-pp311-pypy311_pp73-manylinux_2_27_x86_64.manylinux_2_28_x86_64.whl", hash = "sha256:602f65afdef699cda27ec0b9224ae5dc43e328f4c24c689deaf77133dbee74d0"},
    {file = "numpy-2.4.2-pp311-pypy311_pp73-win_amd64.whl", hash = "sha256:be71bf1edb48ebbbf7f6337b5bfd2f895d1902f6335a5830b20141fc126ffba0"},
    {file = "numpy-2.4.2.tar.gz", hash = "sha256:659a6107e31a83c4e33f763942275fd278b21d095094044eb35569e86a21ddae"},
]

[[package]]
name = "pandas"
version = "3.0.0rc2"
description = "Powerful data structures for data analysis, time series, and statistics"
optional = false
python-versions = ">=3.11"
groups = ["main"]
files = [
    {file = "pandas-3.0.0rc2-cp311-cp311-macosx_10_9_x86_64.whl", hash = "sha256:0803eb1c8b064c6de78b75677349748aad29af95b005c3f7f64b58231851c492"},
    {file = "pandas-3.0.0rc2-cp311-cp311-macosx_11_0_arm64.whl", hash = "sha256:0dbcb182f504b02dcf9de29b2828fe38d655b3d95118bdb3ed2b7c2dabe5f4d4"},
    {file = "pandas-3.0.0rc2-cp311-cp311-manylinux_2_24_aarch64.manylinux_2_28_aarch64.whl", hash = "sha256:a41e08031092573fa6817dd94817ac48c6b9d126675568b8fa22f8353223140d"},
    {file = "pandas-3.0.0rc2-cp311-cp311-manylinux_2_24_x86_64.manylinux_2_28_x86_64.whl", hash = "sha256:a06c93f65cea7b5938da7f702bc2e7457c87534cfd3f04396c840d36e6455897"},
    {file = "pandas-3.0.0rc2-cp311-cp311-musllinux_1_2_aarch64.whl", hash = "sha256:4111776c2f79ada00845c8787274bf49731d5d1693c0bb7820ea87a30d4e22f1"},
    {file = "pandas-3.0.0rc2-cp311-cp311-musllinux_1_2_x86_64.whl", hash = "sha256:121c60216c87d692cbcec8520144fbd533a980943e0984b01396843663ac78dd"},
    {file = "pandas-3.0.0rc2-cp311-cp311-win_amd64.whl", hash = "sha256:6271c5957c53b36f73d31635f904e8312390acc1f9ed0028636c5cdb7986a680"},
    {file = "pandas-3.0.0rc2-cp311-cp311-win_arm64.whl", hash = "sha256:1173a5e726820afd4c62fccbcf110180f8b4df4263529fd930153b98e40506b3"},
    {file = "pandas-3.0.0rc2-cp312-cp312-macosx_10_13_x86_64.whl", hash = "sha256:0f69f91f4842695acd6a5873e05978b7bb9c726dbb38342e5bf58deff396fdab"},
    {file = "pandas-3.0.0rc2-cp312-cp312-macosx_11_0_arm64.whl", hash = "sha256:70de622f93c565933a8f98f71a2b59ec2102ffa57fdbd276e9411065eb24409c"},
    {file = "pandas-3.0.0rc2-cp312-cp312-manylinux_2_24_aarch64.manylinux_2_28_aarch64.whl", hash = "sha256:c8819c12754d3a12c828e837f3849437d5acfed6a8d798fd602c66cc2a509864"},
    {file = "pandas-3.0.0rc2-cp312-cp312-manylinux_2_24_x86_64.manylinux_2_28_x86_64.whl", hash = "sha256:1b35456e7c226b09669b53bd4b4c0a00dfa2ddde05ccad7a628d523dc80ca5df"},
    {file = "pandas-3.0.0rc2-cp312-cp312-musllinux_1_2_aarch64.whl", hash = "sha256:2cff2610511c67179ddf1b4d1bebb3633a99eb8a6771a61a429fc6ae9f4ccd49"},
    {file = "pandas-3.0.0rc2-cp312-cp312-musllinux_1_2_x86_64.whl", hash = "sha256:30ba850bf3a32752343fa4e257bf923ed98cb760e14d2d15c76fa2025967ff4c"},
    {file = "pandas-3.0.0rc2-cp312-cp312-win_amd64.whl", hash = "sha256:5571a1f6fc0fc261bc1d29411dffe4ec7e24e3b68a8389e6323ac938fa034496"},
    {file = "pandas-3.0.0rc2-cp312-cp312-win_arm64.whl", hash = "sha256:14ba8d94cd6f745df3e0436bdd4c9ff52398c8021d68ffadca1584a7274279f9"},
    {file = "pandas-3.0.0rc2-cp313-cp313-macosx_10_13_x86_64.whl", hash = "sha256:683ecc5e0f1080bdf2f5cb8d707b1dd506bdd77b199394151d7864f5e9da0a0b"},
    {file = "pandas-3.0.0rc2-cp313-cp313-macosx_11_0_arm64.whl", hash = "sha256:673e4f7550a61f994a8f1835f71187657953e970077d74fb0723d1fcc98d4b80"},
    {file = "pandas-3.0.0rc2-cp313-cp313-manylinux_2_24_aarch64.manylinux_2_28_aarch64.whl", hash = "sha256:55adad848bb154cdca4a6501c5c961979a1788c4e8e2aa14bd42ea748264ee0e"},
    {file = "pandas-3.0.0rc2-cp313-cp313-manylinux_2_24_x86_64.manylinux_2_28_x86_64.whl", hash = "sha256:358185abd60c12e78ecec4affaa86f7775e847b77547bffff5f15f6992149d99"},
    {file = "pandas-3.0.0rc2-cp313-cp313-musllinux_1_2_aarch64.whl", hash = "sha256:361f57da30ad16486d51410e957033864171930316e7f28caf8ded2fd00eea79"},
    {file = "pandas-3.0.0rc2-cp313-cp313-musllinux_1_2_x86_64.whl", hash = "sha256:d1408423ab06a278ae30aabdc3339cadff3dfe1b4d6ce77cf34e17810c00907c"},
    {file = "pandas-3.0.0rc2-cp313-cp313-win_amd64.whl", hash = "sha256:5b02705857ff3511df235fb62d349259cf7f54e229eb1035e293f0650586c9cb"},
    {file = "pandas-3.0.0rc2-cp313-cp313-win_arm64.whl", hash = "sha256:d17c5a1ac8c08d8b80e3b593678b4ee0e44099c2a01765a12c46b1b3dd3bff53"},
    {file = "pandas-3.0.0rc2-cp313-cp313t-macosx_10_13_x86_64.whl", hash = "sha256:e5ba7f285c4ca98f6d2f136657239a57dee7f992e1401776287ff61232c43e4d"},
    {file = "pandas-3.0.0rc2-cp313-cp313t-macosx_11_0_arm64.whl", hash = "sha256:629d2050db9427ca875ad9b36569deff91625c8ae8440ab8aa31d0648cc735d8"},
    {file = "pandas-3.0.0rc2-cp313-cp313t-manylinux_2_24_aarch64.manylinux_2_28_aarch64.whl", hash = "sha256:f765354b411f9b1a2fb376d3efc03b9bd09034d55a6ec154969ca765c32713ad"},
    {file = "pandas-3.0.0rc2-cp313-cp313t-manylinux_2_24_x86_64.manylinux_2_28_x86_64.whl", hash = "sha256:e9dc4fa215c768b6e92b1c589458dd0b071b8b362d276f189d491666f79e97e1"},
    {file = "pandas-3.0.0rc2-cp313-cp313t-musllinux_1_2_aarch64.whl", hash = "sha256:d74eb4e76cf84ef0ce8225d02ebdc41c432b286f2ce46e482193108579230a78"},
    {file = "pandas-3.0.0rc2-cp313-cp313t-musllinux_1_2_x86_64.whl", hash = "sha256:d669ff45857a6b7db9ba8020ec4443d4a93b919da87f67b8bd71938848495dcb"},
    {file = "pandas-3.0.0rc2-cp313-cp313t-win_amd64.whl", hash = "sha256:0ba5dd0d048531caa41b14b6f537c8625ef309c8a0916bf0f317985ca0e999ae"},
    {file = "pandas-3.0.0rc2-cp314-cp314-macosx_10_15_x86_64.whl", hash = "sha256:9e156705991758d892a6d008a76e2638d0d4f076deb2753a38034f64b7f4597f"},
    {file = "pandas-3.0.0rc2-cp314-cp314-macosx_11_0_arm64.whl", hash = "sha256:c26d22710d5b5f65e0e36ed1a73d08e96d8866b58bd56b45a93901c8ceffa152"},
    {file = "pandas-3.0.0rc2-cp314-cp314-manylinux_2_24_aarch64.manylinux_2_28_aarch64.whl", hash = "sha256:5000fcee5565e41053ff5d59e0d3d1b0784b492aa0f33b89972648de8615baee"},
    {file = "pandas-3.0.0rc2-cp314-cp314-manylinux_2_24_x86_64.manylinux_2_28_x86_64.whl", hash = "sha256:ddd8ac07a9b30039a38512c8b917a52fb8b87f3bec110dd349801ebc5c128661"},
    {file = "pandas-3.0.0rc2-cp314-cp314-musllinux_1_2_aarch64.whl", hash = "sha256:650a812ad0164548c91181306b3ebd8c41acc44b8f03bc447725c6ec84b61751"},
    {file = "pandas-3.0.0rc2-cp314-cp314-musllinux_1_2_x86_64.whl", hash = "sha256:c7ac831248102b92f4decafb5970fe0eed0c42d788b599485361aa225b26f2b4"},
    {file = "pandas-3.0.0rc2-cp314-cp314-win_amd64.whl", hash = "sha256:03f3ecf84c909b6468eed378c9f5be5aa0892e4819e25e0b4f1397ee11da3555"},
    {file = "pandas-3.0.0rc2-cp314-cp314-win_arm64.whl", hash = "sha256:67995a405e0c959f59b004d002504c93ba2cb949a070755924c77f405335cd86"},
    {file = "pandas-3.0.0rc2-cp314-cp314t-macosx_10_15_x86_64.whl", hash = "sha256:b31021fa98cdffe6cd6745edc53fece4b0f853290fd4a28f41bdf6a0dc644aa6"},
    {file = "pandas-3.0.0rc2-cp314-cp314t-macosx_11_0_arm64.whl", hash = "sha256:59c707013d019efba0af7cf731179d788f4d7309f367dc495082d61d201ad487"},
    {file = "pandas-3.0.0rc2-cp314-cp314t-manylinux_2_24_aarch64.manylinux_2_28_aarch64.whl", hash = "sha256:8376665f907f6ee142987ebcd3f2e78f40833a7b03cd9a7c9a72774f9f0d4759"},
    {file = "pandas-3.0.0rc2-cp314-cp314t-manylinux_2_24_x86_64.manylinux_2_28_x86_64.whl", hash = "sha256:c22c471eec0a7c3bbfdbfe2a5cac0a2dc74ea24711534e0d69e0c308b3ad35ce"},
    {file = "pandas-3.0.0rc2-cp314-cp314t-musllinux_1_2_aarch64.whl", hash = "sha256:4ac9bf1a92277599eb3f6fa2f30028c26861d48c736a77b6c098c56b46e53b92"},
    {file = "pandas-3.0.0rc2-cp314-cp314t-musllinux_1_2_x86_64.whl", hash = "sha256:47966fb3d7b236a91e4f26bc6fb1a27ed09c95ead6d147958052c350abd545e3"},
    {file = "pandas-3.0.0rc2-cp314-cp314t-win_amd64.whl", hash = "sha256:20b8b50a5974b8a3c86eb806ae772aa9f7b4811715f768737533f544eddd3081"},
    {file = "pandas-3.0.0rc2-cp314-cp314t-win_arm64.whl", hash = "sha256:ca31735412b8a2d571dcbd1498d011946cff3bc6b758d5eee30172de1a9c195f"},
    {file = "pandas-3.0.0rc2.tar.gz", hash = "sha256:729cd21b8387d9cba48ab357d2eea72215af6b631440fa00b2cb8ea5f83c7dbc"},
]

[package.dependencies]
numpy = [
    {version = ">=1.26.0", markers = "python_version < \"3.14\""},
    {version = ">=2.0.0", markers = "python_version >= \"3.14\""},
]
python-dateutil = ">=2.8.2"
tzdata = {version = "*", markers = "sys_platform == \"win32\" or sys_platform == \"emscripten\""}

[package.extras]
all = ["PyQt5 (>=5.15.9)", "SQLAlchemy (>=2.0.36)", "adbc-driver-postgresql (>=1.2.0)", "adbc-driver-sqlite (>=1.2.0)", "beautifulsoup4 (>=4.12.3)", "bottleneck (>=1.4.2)", "fastparquet (>=2024.11.0)", "fsspec (>=2024.10.0)", "gcsfs (>=2024.10.0)", "html5lib (>=1.1)", "hypothesis (>=6.116.0)", "jinja2 (>=3.1.5)", "lxml (>=5.3.0)", "matplotlib (>=3.9.3)", "numba (>=0.60.0)", "numexpr (>=2.10.2)", "odfpy (>=1.4.1)", "openpyxl (>=3.1.5)", "psycopg2 (>=2.9.10)", "pyarrow (>=13.0.0)", "pyiceberg (>=0.8.1)", "pymysql (>=1.1.1)", "pyreadstat (>=1.2.8)", "pytest (>=8.3.4)", "pytest-xdist (>=3.6.1)", "python-calamine (>=0.3.0)", "pytz (>=2024.2)", "pyxlsb (>=1.0.10)", "qtpy (>=2.4.2)", "s3fs (>=2024.10.0)", "scipy (>=1.14.1)", "tables (>=3.10.1)", "tabulate (>=0.9.0)", "xarray (>=2024.10.0)", "xlrd (>=2.0.1)", "xlsxwriter (>=3.2.0)", "zstandard (>=0.23.0)"]
aws = ["s3fs (>=2024.10.0)"]
clipboard = ["PyQt5 (>=5.15.9)", "qtpy (>=2.4.2)"]
compression = ["zstandard (>=0.23.0)"]
computation = ["scipy (>=1.14.1)", "xarray (>=2024.10.0)"]
excel = ["odfpy (>=1.4.1)", "openpyxl (>=3.1.5)", "python-calamine (>=0.3.0)", "pyxlsb (>=1.0.10)", "xlrd (>=2.0.1)", "xlsxwriter (>=3.2.0)"]
feather = ["pyarrow (>=13.0.0)"]
fss = ["fsspec (>=2024.10.0)"]
gcp = ["gcsfs (>=2024.10.0)"]
hdf5 = ["tables (>=3.10.1)"]
html = ["beautifulsoup4 (>=4.12.3)", "html5lib (>=1.1)", "lxml (>=5.3.0)"]
iceberg = ["pyiceberg (>=0.8.1)"]
mysql = ["SQLAlchemy (>=2.0.36)", "pymysql (>=1.1.1)"]
output-formatting = ["jinja2 (>=3.1.5)", "tabulate (>=0.9.0)"]
parquet = ["pyarrow (>=13.0.0)"]
performance = ["bottleneck (>=1.4.2)", "numba (>=0.60.0)", "numexpr (>=2.10.2)"]
plot = ["matplotlib (>=3.9.3)"]
postgresql = ["SQLAlchemy (>=2.0.36)", "adbc-driver-postgresql (>=1.2.0)", "psycopg2 (>=2.9.10)"]
pyarrow = ["pyarrow (>=13.0.0)"]
spss = ["pyreadstat (>=1.2.8)"]
sql-other = ["SQLAlchemy (>=2.0.36)", "adbc-driver-postgresql (>=1.2.0)", "adbc-driver-sqlite (>=1.2.0)"]
test = ["hypothesis (>=6.116.0)", "pytest (>=8.3.4)", "pytest-xdist (>=3.6.1)"]
timezone = ["pytz (>=2024.2)"]
xml = ["lxml (>=5.3.0)"]

[[package]]
name = "python-dateutil"
version = "2.9.0.post0"
description = "Extensions to the standard Python datetime module"
optional = false
python-versions = "!=3.0.*,!=3.1.*,!=3.2.*,>=2.7"
groups = ["main"]
files = [
    {file = "python-dateutil-2.9.0.post0.tar.gz", hash = "sha256:37dd54208da7e1cd875388217d5e00ebd4179249f90fb72437e91a35459a0ad3"},
    {file = "python_dateutil-2.9.0.post0-py2.py3-none-any.whl", hash = "sha256:a8b2bc7bffae282281c8140a97d3aa9c14da0b136dfe83f850eea9a5f7470427"},
]

[package.dependencies]
six = ">=1.5"

[[package]]
name = "six"
version = "1.17.0"
description = "Python 2 and 3 compatibility utilities"
optional = false
python-versions = "!=3.0.*,!=3.1.*,!=3.2.*,>=2.7"
groups = ["main"]
files = [
    {file = "six-1.17.0-py2.py3-none-any.whl", hash = "sha256:4721f391ed90541fddacab5acf947aa0d3dc7d27b2e1e8eda2be8970586c3274"},
    {file = "six-1.17.0.tar.gz", hash = "sha256:ff70335d468e7eb6ec65b95b99d3a2836546063f63acc5171de367e834932a81"},
]

[[package]]
name = "tzdata"
version = "2025.3"
description = "Provider of IANA time zone data"
optional = false
python-versions = ">=2"
groups = ["main"]
markers = "sys_platform == \"win32\" or sys_platform == \"emscripten\""
files = [
    {file = "tzdata-2025.3-py2.py3-none-any.whl", hash = "sha256:06a47e5700f3081aab02b2e513160914ff0694bce9947d6b76ebd6bf57cfc5d1"},
    {file = "tzdata-2025.3.tar.gz", hash = "sha256:de39c2ca5dc7b0344f2eba86f49d614019d29f060fc4ebc8a417896a620b56a7"},
]

[metadata]
lock-version = "2.1"
python-versions = ">=3.13"
content-hash = "7b8585f2fca10a05a2b59af4803c60687d3ba750e20baa2b98657077c0fc920b"
